// !$*UTF8*$!
{
	archiveVersion = 1;
	classes = {
	};
	objectVersion = 55;
	objects = {

/* Begin PBXBuildFile section */
		3F30B00B2804460400ADD566 /* AppDelegate.swift in Sources */ = {isa = PBXBuildFile; fileRef = 3F30B00A2804460400ADD566 /* AppDelegate.swift */; };
		3F30B00D2804460400ADD566 /* SceneDelegate.swift in Sources */ = {isa = PBXBuildFile; fileRef = 3F30B00C2804460400ADD566 /* SceneDelegate.swift */; };
		3F30B00F2804460400ADD566 /* ViewController.swift in Sources */ = {isa = PBXBuildFile; fileRef = 3F30B00E2804460400ADD566 /* ViewController.swift */; };
		3F30B0122804460400ADD566 /* Main.storyboard in Resources */ = {isa = PBXBuildFile; fileRef = 3F30B0102804460400ADD566 /* Main.storyboard */; };
		3F30B0142804460600ADD566 /* Assets.xcassets in Resources */ = {isa = PBXBuildFile; fileRef = 3F30B0132804460600ADD566 /* Assets.xcassets */; };
		3F30B0172804460600ADD566 /* LaunchScreen.storyboard in Resources */ = {isa = PBXBuildFile; fileRef = 3F30B0152804460600ADD566 /* LaunchScreen.storyboard */; };
		3F30B01F2804479A00ADD566 /* PhotoSliderView.swift in Sources */ = {isa = PBXBuildFile; fileRef = 3F30B01E2804479A00ADD566 /* PhotoSliderView.swift */; };
		3F30B02128044A2200ADD566 /* PhotoSliderViewController.swift in Sources */ = {isa = PBXBuildFile; fileRef = 3F30B02028044A2200ADD566 /* PhotoSliderViewController.swift */; };
		3F30B02528044BA100ADD566 /* image2.png in Resources */ = {isa = PBXBuildFile; fileRef = 3F30B02228044BA100ADD566 /* image2.png */; };
		3F30B02628044BA100ADD566 /* image1.webp in Resources */ = {isa = PBXBuildFile; fileRef = 3F30B02328044BA100ADD566 /* image1.webp */; };
		3F30B02728044BA100ADD566 /* image3.jpg in Resources */ = {isa = PBXBuildFile; fileRef = 3F30B02428044BA100ADD566 /* image3.jpg */; };
/* End PBXBuildFile section */

/* Begin PBXFileReference section */
		3F30B0072804460400ADD566 /* SlideGalleryController.app */ = {isa = PBXFileReference; explicitFileType = wrapper.application; includeInIndex = 0; path = SlideGalleryController.app; sourceTree = BUILT_PRODUCTS_DIR; };
		3F30B00A2804460400ADD566 /* AppDelegate.swift */ = {isa = PBXFileReference; lastKnownFileType = sourcecode.swift; path = AppDelegate.swift; sourceTree = "<group>"; };
		3F30B00C2804460400ADD566 /* SceneDelegate.swift */ = {isa = PBXFileReference; lastKnownFileType = sourcecode.swift; path = SceneDelegate.swift; sourceTree = "<group>"; };
		3F30B00E2804460400ADD566 /* ViewController.swift */ = {isa = PBXFileReference; lastKnownFileType = sourcecode.swift; path = ViewController.swift; sourceTree = "<group>"; };
		3F30B0112804460400ADD566 /* Base */ = {isa = PBXFileReference; lastKnownFileType = file.storyboard; name = Base; path = Base.lproj/Main.storyboard; sourceTree = "<group>"; };
		3F30B0132804460600ADD566 /* Assets.xcassets */ = {isa = PBXFileReference; lastKnownFileType = folder.assetcatalog; path = Assets.xcassets; sourceTree = "<group>"; };
		3F30B0162804460600ADD566 /* Base */ = {isa = PBXFileReference; lastKnownFileType = file.storyboard; name = Base; path = Base.lproj/LaunchScreen.storyboard; sourceTree = "<group>"; };
		3F30B0182804460600ADD566 /* Info.plist */ = {isa = PBXFileReference; lastKnownFileType = text.plist.xml; path = Info.plist; sourceTree = "<group>"; };
		3F30B01E2804479A00ADD566 /* PhotoSliderView.swift */ = {isa = PBXFileReference; lastKnownFileType = sourcecode.swift; path = PhotoSliderView.swift; sourceTree = "<group>"; };
		3F30B02028044A2200ADD566 /* PhotoSliderViewController.swift */ = {isa = PBXFileReference; lastKnownFileType = sourcecode.swift; path = PhotoSliderViewController.swift; sourceTree = "<group>"; };
		3F30B02228044BA100ADD566 /* image2.png */ = {isa = PBXFileReference; lastKnownFileType = image.png; name = image2.png; path = ../../image2.png; sourceTree = "<group>"; };
		3F30B02328044BA100ADD566 /* image1.webp */ = {isa = PBXFileReference; lastKnownFileType = file; name = image1.webp; path = ../../image1.webp; sourceTree = "<group>"; };
		3F30B02428044BA100ADD566 /* image3.jpg */ = {isa = PBXFileReference; lastKnownFileType = image.jpeg; name = image3.jpg; path = ../../image3.jpg; sourceTree = "<group>"; };
/* End PBXFileReference section */

/* Begin PBXFrameworksBuildPhase section */
		3F30B0042804460400ADD566 /* Frameworks */ = {
			isa = PBXFrameworksBuildPhase;
			buildActionMask = 2147483647;
			files = (
			);
			runOnlyForDeploymentPostprocessing = 0;
		};
/* End PBXFrameworksBuildPhase section */

/* Begin PBXGroup section */
		3F30AFFE2804460400ADD566 = {
			isa = PBXGroup;
			children = (
				3F30B0092804460400ADD566 /* SlideGalleryController */,
				3F30B0082804460400ADD566 /* Products */,
			);
			sourceTree = "<group>";
		};
		3F30B0082804460400ADD566 /* Products */ = {
			isa = PBXGroup;
			children = (
				3F30B0072804460400ADD566 /* SlideGalleryController.app */,
			);
			name = Products;
			sourceTree = "<group>";
		};
		3F30B0092804460400ADD566 /* SlideGalleryController */ = {
			isa = PBXGroup;
			children = (
				3F30B02328044BA100ADD566 /* image1.webp */,
				3F30B02228044BA100ADD566 /* image2.png */,
				3F30B02428044BA100ADD566 /* image3.jpg */,
				3F30B00A2804460400ADD566 /* AppDelegate.swift */,
				3F30B00C2804460400ADD566 /* SceneDelegate.swift */,
				3F30B00E2804460400ADD566 /* ViewController.swift */,
				3F30B0102804460400ADD566 /* Main.storyboard */,
				3F30B01E2804479A00ADD566 /* PhotoSliderView.swift */,
				3F30B02028044A2200ADD566 /* PhotoSliderViewController.swift */,
				3F30B0132804460600ADD566 /* Assets.xcassets */,
				3F30B0152804460600ADD566 /* LaunchScreen.storyboard */,
				3F30B0182804460600ADD566 /* Info.plist */,
			);
			path = SlideGalleryController;
			sourceTree = "<group>";
		};
/* End PBXGroup section */

/* Begin PBXNativeTarget section */
		3F30B0062804460400ADD566 /* SlideGalleryController */ = {
			isa = PBXNativeTarget;
			buildConfigurationList = 3F30B01B2804460600ADD566 /* Build configuration list for PBXNativeTarget "SlideGalleryController" */;
			buildPhases = (
				3F30B0032804460400ADD566 /* Sources */,
				3F30B0042804460400ADD566 /* Frameworks */,
				3F30B0052804460400ADD566 /* Resources */,
			);
			buildRules = (
			);
			dependencies = (
			);
			name = SlideGalleryController;
			productName = SlideGalleryController;
			productReference = 3F30B0072804460400ADD566 /* SlideGalleryController.app */;
			productType = "com.apple.product-type.application";
		};
/* End PBXNativeTarget section */

/* Begin PBXProject section */
		3F30AFFF2804460400ADD566 /* Project object */ = {
			isa = PBXProject;
			attributes = {
				BuildIndependentTargetsInParallel = 1;
				LastSwiftUpdateCheck = 1320;
				LastUpgradeCheck = 1320;
				TargetAttributes = {
					3F30B0062804460400ADD566 = {
						CreatedOnToolsVersion = 13.2.1;
					};
				};
			};
			buildConfigurationList = 3F30B0022804460400ADD566 /* Build configuration list for PBXProject "SlideGalleryController" */;
			compatibilityVersion = "Xcode 13.0";
			developmentRegion = en;
			hasScannedForEncodings = 0;
			knownRegions = (
				en,
				Base,
			);
			mainGroup = 3F30AFFE2804460400ADD566;
			productRefGroup = 3F30B0082804460400ADD566 /* Products */;
			projectDirPath = "";
			projectRoot = "";
			targets = (
				3F30B0062804460400ADD566 /* SlideGalleryController */,
			);
		};
/* End PBXProject section */

/* Begin PBXResourcesBuildPhase section */
		3F30B0052804460400ADD566 /* Resources */ = {
			isa = PBXResourcesBuildPhase;
			buildActionMask = 2147483647;
			files = (
				3F30B02628044BA100ADD566 /* image1.webp in Resources */,
				3F30B0172804460600ADD566 /* LaunchScreen.storyboard in Resources */,
				3F30B0142804460600ADD566 /* Assets.xcassets in Resources */,
				3F30B02728044BA100ADD566 /* image3.jpg in Resources */,
				3F30B02528044BA100ADD566 /* image2.png in Resources */,
				3F30B0122804460400ADD566 /* Main.storyboard in Resources */,
			);
			runOnlyForDeploymentPostprocessing = 0;
		};
/* End PBXResourcesBuildPhase section */

/* Begin PBXSourcesBuildPhase section */
		3F30B0032804460400ADD566 /* Sources */ = {
			isa = PBXSourcesBuildPhase;
			buildActionMask = 2147483647;
			files = (
				3F30B01F2804479A00ADD566 /* PhotoSliderView.swift in Sources */,
				3F30B02128044A2200ADD566 /* PhotoSliderViewController.swift in Sources */,
				3F30B00F2804460400ADD566 /* ViewController.swift in Sources */,
				3F30B00B2804460400ADD566 /* AppDelegate.swift in Sources */,
				3F30B00D2804460400ADD566 /* SceneDelegate.swift in Sources */,
			);
			runOnlyForDeploymentPostprocessing = 0;
		};
/* End PBXSourcesBuildPhase section */

/* Begin PBXVariantGroup section */
		3F30B0102804460400ADD566 /* Main.storyboard */ = {
			isa = PBXVariantGroup;
			children = (
				3F30B0112804460400ADD566 /* Base */,
			);
			name = Main.storyboard;
			sourceTree = "<group>";
		};
		3F30B0152804460600ADD566 /* LaunchScreen.storyboard */ = {
			isa = PBXVariantGroup;
			children = (
				3F30B0162804460600ADD566 /* Base */,
			);
			name = LaunchScreen.storyboard;
			sourceTree = "<group>";
		};
/* End PBXVariantGroup section */

/* Begin XCBuildConfiguration section */
		3F30B0192804460600ADD566 /* Debug */ = {
			isa = XCBuildConfiguration;
			buildSettings = {
				ALWAYS_SEARCH_USER_PATHS = NO;
				CLANG_ANALYZER_NONNULL = YES;
				CLANG_ANALYZER_NUMBER_OBJECT_CONVERSION = YES_AGGRESSIVE;
				CLANG_CXX_LANGUAGE_STANDARD = "gnu++17";
				CLANG_CXX_LIBRARY = "libc++";
				CLANG_ENABLE_MODULES = YES;
				CLANG_ENABLE_OBJC_ARC = YES;
				CLANG_ENABLE_OBJC_WEAK = YES;
				CLANG_WARN_BLOCK_CAPTURE_AUTORELEASING = YES;
				CLANG_WARN_BOOL_CONVERSION = YES;
				CLANG_WARN_COMMA = YES;
				CLANG_WARN_CONSTANT_CONVERSION = YES;
				CLANG_WARN_DEPRECATED_OBJC_IMPLEMENTATIONS = YES;
				CLANG_WARN_DIRECT_OBJC_ISA_USAGE = YES_ERROR;
				CLANG_WARN_DOCUMENTATION_COMMENTS = YES;
				CLANG_WARN_EMPTY_BODY = YES;
				CLANG_WARN_ENUM_CONVERSION = YES;
				CLANG_WARN_INFINITE_RECURSION = YES;
				CLANG_WARN_INT_CONVERSION = YES;
				CLANG_WARN_NON_LITERAL_NULL_CONVERSION = YES;
				CLANG_WARN_OBJC_IMPLICIT_RETAIN_SELF = YES;
				CLANG_WARN_OBJC_LITERAL_CONVERSION = YES;
				CLANG_WARN_OBJC_ROOT_CLASS = YES_ERROR;
				CLANG_WARN_QUOTED_INCLUDE_IN_FRAMEWORK_HEADER = YES;
				CLANG_WARN_RANGE_LOOP_ANALYSIS = YES;
				CLANG_WARN_STRICT_PROTOTYPES = YES;
				CLANG_WARN_SUSPICIOUS_MOVE = YES;
				CLANG_WARN_UNGUARDED_AVAILABILITY = YES_AGGRESSIVE;
				CLANG_WARN_UNREACHABLE_CODE = YES;
				CLANG_WARN__DUPLICATE_METHOD_MATCH = YES;
				COPY_PHASE_STRIP = NO;
				DEBUG_INFORMATION_FORMAT = dwarf;
				ENABLE_STRICT_OBJC_MSGSEND = YES;
				ENABLE_TESTABILITY = YES;
				GCC_C_LANGUAGE_STANDARD = gnu11;
				GCC_DYNAMIC_NO_PIC = NO;
				GCC_NO_COMMON_BLOCKS = YES;
				GCC_OPTIMIZATION_LEVEL = 0;
				GCC_PREPROCESSOR_DEFINITIONS = (
					"DEBUG=1",
					"$(inherited)",
				);
				GCC_WARN_64_TO_32_BIT_CONVERSION = YES;
				GCC_WARN_ABOUT_RETURN_TYPE = YES_ERROR;
				GCC_WARN_UNDECLARED_SELECTOR = YES;
				GCC_WARN_UNINITIALIZED_AUTOS = YES_AGGRESSIVE;
				GCC_WARN_UNUSED_FUNCTION = YES;
				GCC_WARN_UNUSED_VARIABLE = YES;
				IPHONEOS_DEPLOYMENT_TARGET = 15.2;
				MTL_ENABLE_DEBUG_INFO = INCLUDE_SOURCE;
				MTL_FAST_MATH = YES;
				ONLY_ACTIVE_ARCH = YES;
				SDKROOT = iphoneos;
				SWIFT_ACTIVE_COMPILATION_CONDITIONS = DEBUG;
				SWIFT_OPTIMIZATION_LEVEL = "-Onone";
			};
			name = Debug;
		};
		3F30B01A2804460600ADD566 /* Release */ = {
			isa = XCBuildConfiguration;
			buildSettings = {
				ALWAYS_SEARCH_USER_PATHS = NO;
				CLANG_ANALYZER_NONNULL = YES;
				CLANG_ANALYZER_NUMBER_OBJECT_CONVERSION = YES_AGGRESSIVE;
				CLANG_CXX_LANGUAGE_STANDARD = "gnu++17";
				CLANG_CXX_LIBRARY = "libc++";
				CLANG_ENABLE_MODULES = YES;
				CLANG_ENABLE_OBJC_ARC = YES;
				CLANG_ENABLE_OBJC_WEAK = YES;
				CLANG_WARN_BLOCK_CAPTURE_AUTORELEASING = YES;
				CLANG_WARN_BOOL_CONVERSION = YES;
				CLANG_WARN_COMMA = YES;
				CLANG_WARN_CONSTANT_CONVERSION = YES;
				CLANG_WARN_DEPRECATED_OBJC_IMPLEMENTATIONS = YES;
				CLANG_WARN_DIRECT_OBJC_ISA_USAGE = YES_ERROR;
				CLANG_WARN_DOCUMENTATION_COMMENTS = YES;
				CLANG_WARN_EMPTY_BODY = YES;
				CLANG_WARN_ENUM_CONVERSION = YES;
				CLANG_WARN_INFINITE_RECURSION = YES;
				CLANG_WARN_INT_CONVERSION = YES;
				CLANG_WARN_NON_LITERAL_NULL_CONVERSION = YES;
				CLANG_WARN_OBJC_IMPLICIT_RETAIN_SELF = YES;
				CLANG_WARN_OBJC_LITERAL_CONVERSION = YES;
				CLANG_WARN_OBJC_ROOT_CLASS = YES_ERROR;
				CLANG_WARN_QUOTED_INCLUDE_IN_FRAMEWORK_HEADER = YES;
				CLANG_WARN_RANGE_LOOP_ANALYSIS = YES;
				CLANG_WARN_STRICT_PROTOTYPES = YES;
				CLANG_WARN_SUSPICIOUS_MOVE = YES;
				CLANG_WARN_UNGUARDED_AVAILABILITY = YES_AGGRESSIVE;
				CLANG_WARN_UNREACHABLE_CODE = YES;
				CLANG_WARN__DUPLICATE_METHOD_MATCH = YES;
				COPY_PHASE_STRIP = NO;
				DEBUG_INFORMATION_FORMAT = "dwarf-with-dsym";
				ENABLE_NS_ASSERTIONS = NO;
				ENABLE_STRICT_OBJC_MSGSEND = YES;
				GCC_C_LANGUAGE_STANDARD = gnu11;
				GCC_NO_COMMON_BLOCKS = YES;
				GCC_WARN_64_TO_32_BIT_CONVERSION = YES;
				GCC_WARN_ABOUT_RETURN_TYPE = YES_ERROR;
				GCC_WARN_UNDECLARED_SELECTOR = YES;
				GCC_WARN_UNINITIALIZED_AUTOS = YES_AGGRESSIVE;
				GCC_WARN_UNUSED_FUNCTION = YES;
				GCC_WARN_UNUSED_VARIABLE = YES;
				IPHONEOS_DEPLOYMENT_TARGET = 15.2;
				MTL_ENABLE_DEBUG_INFO = NO;
				MTL_FAST_MATH = YES;
				SDKROOT = iphoneos;
				SWIFT_COMPILATION_MODE = wholemodule;
				SWIFT_OPTIMIZATION_LEVEL = "-O";
				VALIDATE_PRODUCT = YES;
			};
			name = Release;
		};
		3F30B01C2804460600ADD566 /* Debug */ = {
			isa = XCBuildConfiguration;
			buildSettings = {
				ASSETCATALOG_COMPILER_APPICON_NAME = AppIcon;
				ASSETCATALOG_COMPILER_GLOBAL_ACCENT_COLOR_NAME = AccentColor;
				CODE_SIGN_STYLE = Automatic;
				CURRENT_PROJECT_VERSION = 1;
				GENERATE_INFOPLIST_FILE = YES;
				INFOPLIST_FILE = SlideGalleryController/Info.plist;
				INFOPLIST_KEY_UIApplicationSupportsIndirectInputEvents = YES;
				INFOPLIST_KEY_UILaunchStoryboardName = LaunchScreen;
				INFOPLIST_KEY_UIMainStoryboardFile = Main;
				INFOPLIST_KEY_UISupportedInterfaceOrientations_iPad = "UIInterfaceOrientationPortrait UIInterfaceOrientationPortraitUpsideDown UIInterfaceOrientationLandscapeLeft UIInterfaceOrientationLandscapeRight";
				INFOPLIST_KEY_UISupportedInterfaceOrientations_iPhone = "UIInterfaceOrientationPortrait UIInterfaceOrientationLandscapeLeft UIInterfaceOrientationLandscapeRight";
				LD_RUNPATH_SEARCH_PATHS = (
					"$(inherited)",
					"@executable_path/Frameworks",
				);
				MARKETING_VERSION = 1.0;
				PRODUCT_BUNDLE_IDENTIFIER = com.example.SlideGalleryController;
				PRODUCT_NAME = "$(TARGET_NAME)";
				SWIFT_EMIT_LOC_STRINGS = YES;
				SWIFT_VERSION = 5.0;
				TARGETED_DEVICE_FAMILY = "1,2";
			};
			name = Debug;
		};
		3F30B01D2804460600ADD566 /* Release */ = {
			isa = XCBuildConfiguration;
			buildSettings = {
				ASSETCATALOG_COMPILER_APPICON_NAME = AppIcon;
				ASSETCATALOG_COMPILER_GLOBAL_ACCENT_COLOR_NAME = AccentColor;
				CODE_SIGN_STYLE = Automatic;
				CURRENT_PROJECT_VERSION = 1;
				GENERATE_INFOPLIST_FILE = YES;
				INFOPLIST_FILE = SlideGalleryController/Info.plist;
				INFOPLIST_KEY_UIApplicationSupportsIndirectInputEvents = YES;
				INFOPLIST_KEY_UILaunchStoryboardName = LaunchScreen;
				INFOPLIST_KEY_UIMainStoryboardFile = Main;
				INFOPLIST_KEY_UISupportedInterfaceOrientations_iPad = "UIInterfaceOrientationPortrait UIInterfaceOrientationPortraitUpsideDown UIInterfaceOrientationLandscapeLeft UIInterfaceOrientationLandscapeRight";
				INFOPLIST_KEY_UISupportedInterfaceOrientations_iPhone = "UIInterfaceOrientationPortrait UIInterfaceOrientationLandscapeLeft UIInterfaceOrientationLandscapeRight";
				LD_RUNPATH_SEARCH_PATHS = (
					"$(inherited)",
					"@executable_path/Frameworks",
				);
				MARKETING_VERSION = 1.0;
				PRODUCT_BUNDLE_IDENTIFIER = com.example.SlideGalleryController;
				PRODUCT_NAME = "$(TARGET_NAME)";
				SWIFT_EMIT_LOC_STRINGS = YES;
				SWIFT_VERSION = 5.0;
				TARGETED_DEVICE_FAMILY = "1,2";
			};
			name = Release;
		};
/* End XCBuildConfiguration section */

/* Begin XCConfigurationList section */
		3F30B0022804460400ADD566 /* Build configuration list for PBXProject "SlideGalleryController" */ = {
			isa = XCConfigurationList;
			buildConfigurations = (
				3F30B0192804460600ADD566 /* Debug */,
				3F30B01A2804460600ADD566 /* Release */,
			);
			defaultConfigurationIsVisible = 0;
			defaultConfigurationName = Release;
		};
		3F30B01B2804460600ADD566 /* Build configuration list for PBXNativeTarget "SlideGalleryController" */ = {
			isa = XCConfigurationList;
			buildConfigurations = (
				3F30B01C2804460600ADD566 /* Debug */,
				3F30B01D2804460600ADD566 /* Release */,
			);
			defaultConfigurationIsVisible = 0;
			defaultConfigurationName = Release;
		};
/* End XCConfigurationList section */
	};
	rootObject = 3F30AFFF2804460400ADD566 /* Project object */;
}
